
Microsoft Visual Studio Solution File, Format Version 12.00
# Visual Studio Version 16
VisualStudioVersion = 16.0.30711.63
MinimumVisualStudioVersion = 10.0.40219.1
Project("{FAE04EC0-301F-11D3-BF4B-00C04F79EFBC}") = "MarsRoverCaseStudy", "MarsRoverCaseStudy.csproj", "{A40D940B-C97A-4F70-ACB7-4526D02E26A4}"
EndProject
Project("{FAE04EC0-301F-11D3-BF4B-00C04F79EFBC}") = "MarsRoverCaseStudy.Tests", "..\MarsRoverCaseStudy.Tests\MarsRoverCaseStudy.Tests.csproj", "{1B155C31-F863-4BD0-89AD-A5CA568E7794}"
EndProject
Global
	GlobalSection(SolutionConfigurationPlatforms) = preSolution
		Debug|Any CPU = Debug|Any CPU
		Release|Any CPU = Release|Any CPU
	EndGlobalSection
	GlobalSection(ProjectConfigurationPlatforms) = postSolution
		{A40D940B-C97A-4F70-ACB7-4526D02E26A4}.Debug|Any CPU.ActiveCfg = Debug|Any CPU
		{A40D940B-C97A-4F70-ACB7-4526D02E26A4}.Debug|Any CPU.Build.0 = Debug|Any CPU
		{A40D940B-C97A-4F70-ACB7-4526D02E26A4}.Release|Any CPU.ActiveCfg = Release|Any CPU
		{A40D940B-C97A-4F70-ACB7-4526D02E26A4}.Release|Any CPU.Build.0 = Release|Any CPU
		{1B155C31-F863-4BD0-89AD-A5CA568E7794}.Debug|Any CPU.ActiveCfg = Debug|Any CPU
		{1B155C31-F863-4BD0-89AD-A5CA568E7794}.Debug|Any CPU.Build.0 = Debug|Any CPU
		{1B155C31-F863-4BD0-89AD-A5CA568E7794}.Release|Any CPU.ActiveCfg = Release|Any CPU
		{1B155C31-F863-4BD0-89AD-A5CA568E7794}.Release|Any CPU.Build.0 = Release|Any CPU
	EndGlobalSection
	GlobalSection(SolutionProperties) = preSolution
		HideSolutionNode = FALSE
	EndGlobalSection
	GlobalSection(ExtensibilityGlobals) = postSolution
		SolutionGuid = {B4049EE4-6228-4E84-BFFA-47C9076EA96C}
	EndGlobalSection
EndGlobal
